// !$*UTF8*$!
{
	archiveVersion = 1;
	classes = {
	};
	objectVersion = 45;
	objects = {

/* Begin PBXBuildFile section */
		08F9BDD11275542D00BFEFF1 /* TableViewController.m in Sources */ = {isa = PBXBuildFile; fileRef = 08F9BDCF1275542D00BFEFF1 /* TableViewController.m */; };
		08F9BDD21275542D00BFEFF1 /* TableViewController.xib in Resources */ = {isa = PBXBuildFile; fileRef = 08F9BDD01275542D00BFEFF1 /* TableViewController.xib */; };
		1D3623260D0F684500981E51 /* WaitTimerPageAppDelegate.m in Sources */ = {isa = PBXBuildFile; fileRef = 1D3623250D0F684500981E51 /* WaitTimerPageAppDelegate.m */; };
		1D60589B0D05DD56006BFB54 /* main.m in Sources */ = {isa = PBXBuildFile; fileRef = 29B97316FDCFA39411CA2CEA /* main.m */; };
		1D60589F0D05DD5A006BFB54 /* Foundation.framework in Frameworks */ = {isa = PBXBuildFile; fileRef = 1D30AB110D05D00D00671497 /* Foundation.framework */; };
		1DF5F4E00D08C38300B7A737 /* UIKit.framework in Frameworks */ = {isa = PBXBuildFile; fileRef = 1DF5F4DF0D08C38300B7A737 /* UIKit.framework */; };
		288765FD0DF74451002DB57D /* CoreGraphics.framework in Frameworks */ = {isa = PBXBuildFile; fileRef = 288765FC0DF74451002DB57D /* CoreGraphics.framework */; };
		28AD733F0D9D9553002E5188 /* MainWindow.xib in Resources */ = {isa = PBXBuildFile; fileRef = 28AD733E0D9D9553002E5188 /* MainWindow.xib */; };
		DD7CF45B12A11A16001E6354 /* DataViewController.m in Sources */ = {isa = PBXBuildFile; fileRef = DD7CF45A12A11A16001E6354 /* DataViewController.m */; };
		DD7CF4FA12A1340E001E6354 /* Global.m in Sources */ = {isa = PBXBuildFile; fileRef = DD7CF4F912A1340E001E6354 /* Global.m */; };
		DD7E9BB612A2BE5800EB3350 /* deletebtn.png in Resources */ = {isa = PBXBuildFile; fileRef = DD7E9BB512A2BE5800EB3350 /* deletebtn.png */; };
		DD8562B9129F62C500E81126 /* DetailViewController.m in Sources */ = {isa = PBXBuildFile; fileRef = DD8562B7129F62C500E81126 /* DetailViewController.m */; };
		DD8562BA129F62C500E81126 /* DetailViewController.xib in Resources */ = {isa = PBXBuildFile; fileRef = DD8562B8129F62C500E81126 /* DetailViewController.xib */; };
		DD90575112A3BCAB000D1595 /* Webviewcontroller.m in Sources */ = {isa = PBXBuildFile; fileRef = DD90574F12A3BCAB000D1595 /* Webviewcontroller.m */; };
		DD90575212A3BCAB000D1595 /* Webviewcontroller.xib in Resources */ = {isa = PBXBuildFile; fileRef = DD90575012A3BCAB000D1595 /* Webviewcontroller.xib */; };
		DDC8E07A12AA623E00F854FF /* OptionViewController.m in Sources */ = {isa = PBXBuildFile; fileRef = DDC8E07812AA623E00F854FF /* OptionViewController.m */; };
		DDC8E07B12AA623E00F854FF /* OptionViewController.xib in Resources */ = {isa = PBXBuildFile; fileRef = DDC8E07912AA623E00F854FF /* OptionViewController.xib */; };
/* End PBXBuildFile section */

/* Begin PBXFileReference section */
		08F9BDCE1275542D00BFEFF1 /* TableViewController.h */ = {isa = PBXFileReference; fileEncoding = 4; lastKnownFileType = sourcecode.c.h; path = TableViewController.h; sourceTree = "<group>"; };
		08F9BDCF1275542D00BFEFF1 /* TableViewController.m */ = {isa = PBXFileReference; fileEncoding = 4; lastKnownFileType = sourcecode.c.objc; path = TableViewController.m; sourceTree = "<group>"; };
		08F9BDD01275542D00BFEFF1 /* TableViewController.xib */ = {isa = PBXFileReference; lastKnownFileType = file.xib; path = TableViewController.xib; sourceTree = "<group>"; };
		1D30AB110D05D00D00671497 /* Foundation.framework */ = {isa = PBXFileReference; lastKnownFileType = wrapper.framework; name = Foundation.framework; path = System/Library/Frameworks/Foundation.framework; sourceTree = SDKROOT; };
		1D3623240D0F684500981E51 /* WaitTimerPageAppDelegate.h */ = {isa = PBXFileReference; fileEncoding = 4; lastKnownFileType = sourcecode.c.h; path = WaitTimerPageAppDelegate.h; sourceTree = "<group>"; };
		1D3623250D0F684500981E51 /* WaitTimerPageAppDelegate.m */ = {isa = PBXFileReference; fileEncoding = 4; lastKnownFileType = sourcecode.c.objc; path = WaitTimerPageAppDelegate.m; sourceTree = "<group>"; };
		1D6058910D05DD3D006BFB54 /* WaitTimerPage.app */ = {isa = PBXFileReference; explicitFileType = wrapper.application; includeInIndex = 0; path = WaitTimerPage.app; sourceTree = BUILT_PRODUCTS_DIR; };
		1DF5F4DF0D08C38300B7A737 /* UIKit.framework */ = {isa = PBXFileReference; lastKnownFileType = wrapper.framework; name = UIKit.framework; path = System/Library/Frameworks/UIKit.framework; sourceTree = SDKROOT; };
		288765FC0DF74451002DB57D /* CoreGraphics.framework */ = {isa = PBXFileReference; lastKnownFileType = wrapper.framework; name = CoreGraphics.framework; path = System/Library/Frameworks/CoreGraphics.framework; sourceTree = SDKROOT; };
		28AD733E0D9D9553002E5188 /* MainWindow.xib */ = {isa = PBXFileReference; lastKnownFileType = file.xib; path = MainWindow.xib; sourceTree = "<group>"; };
		29B97316FDCFA39411CA2CEA /* main.m */ = {isa = PBXFileReference; fileEncoding = 4; lastKnownFileType = sourcecode.c.objc; path = main.m; sourceTree = "<group>"; };
		32CA4F630368D1EE00C91783 /* WaitTimerPage_Prefix.pch */ = {isa = PBXFileReference; fileEncoding = 4; lastKnownFileType = sourcecode.c.h; path = WaitTimerPage_Prefix.pch; sourceTree = "<group>"; };
		8D1107310486CEB800E47090 /* WaitTimerPage-Info.plist */ = {isa = PBXFileReference; fileEncoding = 4; lastKnownFileType = text.plist.xml; path = "WaitTimerPage-Info.plist"; plistStructureDefinitionIdentifier = "com.apple.xcode.plist.structure-definition.iphone.info-plist"; sourceTree = "<group>"; };
		DD7CF45912A11A16001E6354 /* DataViewController.h */ = {isa = PBXFileReference; fileEncoding = 4; lastKnownFileType = sourcecode.c.h; path = DataViewController.h; sourceTree = "<group>"; };
		DD7CF45A12A11A16001E6354 /* DataViewController.m */ = {isa = PBXFileReference; fileEncoding = 4; lastKnownFileType = sourcecode.c.objc; path = DataViewController.m; sourceTree = "<group>"; };
		DD7CF4F812A1340E001E6354 /* Global.h */ = {isa = PBXFileReference; fileEncoding = 4; lastKnownFileType = sourcecode.c.h; path = Global.h; sourceTree = "<group>"; };
		DD7CF4F912A1340E001E6354 /* Global.m */ = {isa = PBXFileReference; fileEncoding = 4; lastKnownFileType = sourcecode.c.objc; path = Global.m; sourceTree = "<group>"; };
		DD7E9BB512A2BE5800EB3350 /* deletebtn.png */ = {isa = PBXFileReference; lastKnownFileType = image.png; path = deletebtn.png; sourceTree = "<group>"; };
		DD8562B6129F62C500E81126 /* DetailViewController.h */ = {isa = PBXFileReference; fileEncoding = 4; lastKnownFileType = sourcecode.c.h; path = DetailViewController.h; sourceTree = "<group>"; };
		DD8562B7129F62C500E81126 /* DetailViewController.m */ = {isa = PBXFileReference; fileEncoding = 4; lastKnownFileType = sourcecode.c.objc; path = DetailViewController.m; sourceTree = "<group>"; };
		DD8562B8129F62C500E81126 /* DetailViewController.xib */ = {isa = PBXFileReference; lastKnownFileType = file.xib; path = DetailViewController.xib; sourceTree = "<group>"; };
		DD90574E12A3BCAB000D1595 /* Webviewcontroller.h */ = {isa = PBXFileReference; fileEncoding = 4; lastKnownFileType = sourcecode.c.h; path = Webviewcontroller.h; sourceTree = "<group>"; };
		DD90574F12A3BCAB000D1595 /* Webviewcontroller.m */ = {isa = PBXFileReference; fileEncoding = 4; lastKnownFileType = sourcecode.c.objc; path = Webviewcontroller.m; sourceTree = "<group>"; };
		DD90575012A3BCAB000D1595 /* Webviewcontroller.xib */ = {isa = PBXFileReference; lastKnownFileType = file.xib; path = Webviewcontroller.xib; sourceTree = "<group>"; };
		DDC8E07712AA623E00F854FF /* OptionViewController.h */ = {isa = PBXFileReference; fileEncoding = 4; lastKnownFileType = sourcecode.c.h; path = OptionViewController.h; sourceTree = "<group>"; };
		DDC8E07812AA623E00F854FF /* OptionViewController.m */ = {isa = PBXFileReference; fileEncoding = 4; lastKnownFileType = sourcecode.c.objc; path = OptionViewController.m; sourceTree = "<group>"; };
		DDC8E07912AA623E00F854FF /* OptionViewController.xib */ = {isa = PBXFileReference; lastKnownFileType = file.xib; path = OptionViewController.xib; sourceTree = "<group>"; };
/* End PBXFileReference section */

/* Begin PBXFrameworksBuildPhase section */
		1D60588F0D05DD3D006BFB54 /* Frameworks */ = {
			isa = PBXFrameworksBuildPhase;
			buildActionMask = 2147483647;
			files = (
				1D60589F0D05DD5A006BFB54 /* Foundation.framework in Frameworks */,
				1DF5F4E00D08C38300B7A737 /* UIKit.framework in Frameworks */,
				288765FD0DF74451002DB57D /* CoreGraphics.framework in Frameworks */,
			);
			runOnlyForDeploymentPostprocessing = 0;
		};
/* End PBXFrameworksBuildPhase section */

/* Begin PBXGroup section */
		080E96DDFE201D6D7F000001 /* Classes */ = {
			isa = PBXGroup;
			children = (
				1D3623240D0F684500981E51 /* WaitTimerPageAppDelegate.h */,
				1D3623250D0F684500981E51 /* WaitTimerPageAppDelegate.m */,
				DD7E9BB512A2BE5800EB3350 /* deletebtn.png */,
				DD7CF4FB12A13453001E6354 /* Global */,
				08F9BDD31275543D00BFEFF1 /* TableViewController */,
				DD7CF45C12A11A1C001E6354 /* DataViewControler */,
			);
			path = Classes;
			sourceTree = "<group>";
		};
		08F9BDD31275543D00BFEFF1 /* TableViewController */ = {
			isa = PBXGroup;
			children = (
				08F9BDCE1275542D00BFEFF1 /* TableViewController.h */,
				08F9BDCF1275542D00BFEFF1 /* TableViewController.m */,
				08F9BDD01275542D00BFEFF1 /* TableViewController.xib */,
				DD827835129F765F00C81A6A /* DeatailViewController */,
				DD9057A112A3CD4B000D1595 /* Webviewcontroller */,
				DDC8E07C12AA626700F854FF /* OptionViewController */,
			);
			name = TableViewController;
			sourceTree = "<group>";
		};
		19C28FACFE9D520D11CA2CBB /* Products */ = {
			isa = PBXGroup;
			children = (
				1D6058910D05DD3D006BFB54 /* WaitTimerPage.app */,
			);
			name = Products;
			sourceTree = "<group>";
		};
		29B97314FDCFA39411CA2CEA /* CustomTemplate */ = {
			isa = PBXGroup;
			children = (
				080E96DDFE201D6D7F000001 /* Classes */,
				29B97315FDCFA39411CA2CEA /* Other Sources */,
				29B97317FDCFA39411CA2CEA /* Resources */,
				29B97323FDCFA39411CA2CEA /* Frameworks */,
				19C28FACFE9D520D11CA2CBB /* Products */,
			);
			name = CustomTemplate;
			sourceTree = "<group>";
		};
		29B97315FDCFA39411CA2CEA /* Other Sources */ = {
			isa = PBXGroup;
			children = (
				32CA4F630368D1EE00C91783 /* WaitTimerPage_Prefix.pch */,
				29B97316FDCFA39411CA2CEA /* main.m */,
			);
			name = "Other Sources";
			sourceTree = "<group>";
		};
		29B97317FDCFA39411CA2CEA /* Resources */ = {
			isa = PBXGroup;
			children = (
				28AD733E0D9D9553002E5188 /* MainWindow.xib */,
				8D1107310486CEB800E47090 /* WaitTimerPage-Info.plist */,
			);
			name = Resources;
			sourceTree = "<group>";
		};
		29B97323FDCFA39411CA2CEA /* Frameworks */ = {
			isa = PBXGroup;
			children = (
				1DF5F4DF0D08C38300B7A737 /* UIKit.framework */,
				1D30AB110D05D00D00671497 /* Foundation.framework */,
				288765FC0DF74451002DB57D /* CoreGraphics.framework */,
			);
			name = Frameworks;
			sourceTree = "<group>";
		};
		DD7CF45C12A11A1C001E6354 /* DataViewControler */ = {
			isa = PBXGroup;
			children = (
				DD7CF45912A11A16001E6354 /* DataViewController.h */,
				DD7CF45A12A11A16001E6354 /* DataViewController.m */,
			);
			name = DataViewControler;
			sourceTree = "<group>";
		};
		DD7CF4FB12A13453001E6354 /* Global */ = {
			isa = PBXGroup;
			children = (
				DD7CF4F812A1340E001E6354 /* Global.h */,
				DD7CF4F912A1340E001E6354 /* Global.m */,
			);
			name = Global;
			path = ..;
			sourceTree = "<group>";
		};
		DD827835129F765F00C81A6A /* DeatailViewController */ = {
			isa = PBXGroup;
			children = (
				DD8562B6129F62C500E81126 /* DetailViewController.h */,
				DD8562B7129F62C500E81126 /* DetailViewController.m */,
				DD8562B8129F62C500E81126 /* DetailViewController.xib */,
			);
			name = DeatailViewController;
			sourceTree = "<group>";
		};
		DD9057A112A3CD4B000D1595 /* Webviewcontroller */ = {
			isa = PBXGroup;
			children = (
				DD90574E12A3BCAB000D1595 /* Webviewcontroller.h */,
				DD90574F12A3BCAB000D1595 /* Webviewcontroller.m */,
				DD90575012A3BCAB000D1595 /* Webviewcontroller.xib */,
			);
			name = Webviewcontroller;
			sourceTree = "<group>";
		};
		DDC8E07C12AA626700F854FF /* OptionViewController */ = {
			isa = PBXGroup;
			children = (
				DDC8E07712AA623E00F854FF /* OptionViewController.h */,
				DDC8E07812AA623E00F854FF /* OptionViewController.m */,
				DDC8E07912AA623E00F854FF /* OptionViewController.xib */,
			);
			name = OptionViewController;
			sourceTree = "<group>";
		};
/* End PBXGroup section */

/* Begin PBXNativeTarget section */
		1D6058900D05DD3D006BFB54 /* WaitTimerPage */ = {
			isa = PBXNativeTarget;
			buildConfigurationList = 1D6058960D05DD3E006BFB54 /* Build configuration list for PBXNativeTarget "WaitTimerPage" */;
			buildPhases = (
				1D60588D0D05DD3D006BFB54 /* Resources */,
				1D60588E0D05DD3D006BFB54 /* Sources */,
				1D60588F0D05DD3D006BFB54 /* Frameworks */,
			);
			buildRules = (
			);
			dependencies = (
			);
			name = WaitTimerPage;
			productName = WaitTimerPage;
			productReference = 1D6058910D05DD3D006BFB54 /* WaitTimerPage.app */;
			productType = "com.apple.product-type.application";
		};
/* End PBXNativeTarget section */

/* Begin PBXProject section */
		29B97313FDCFA39411CA2CEA /* Project object */ = {
			isa = PBXProject;
			buildConfigurationList = C01FCF4E08A954540054247B /* Build configuration list for PBXProject "WaitTimerPage" */;
			compatibilityVersion = "Xcode 3.1";
			developmentRegion = English;
			hasScannedForEncodings = 1;
			knownRegions = (
				English,
				Japanese,
				French,
				German,
			);
			mainGroup = 29B97314FDCFA39411CA2CEA /* CustomTemplate */;
			projectDirPath = "";
			projectRoot = "";
			targets = (
				1D6058900D05DD3D006BFB54 /* WaitTimerPage */,
			);
		};
/* End PBXProject section */

/* Begin PBXResourcesBuildPhase section */
		1D60588D0D05DD3D006BFB54 /* Resources */ = {
			isa = PBXResourcesBuildPhase;
			buildActionMask = 2147483647;
			files = (
				28AD733F0D9D9553002E5188 /* MainWindow.xib in Resources */,
				08F9BDD21275542D00BFEFF1 /* TableViewController.xib in Resources */,
				DD8562BA129F62C500E81126 /* DetailViewController.xib in Resources */,
				DD7E9BB612A2BE5800EB3350 /* deletebtn.png in Resources */,
				DD90575212A3BCAB000D1595 /* Webviewcontroller.xib in Resources */,
				DDC8E07B12AA623E00F854FF /* OptionViewController.xib in Resources */,
			);
			runOnlyForDeploymentPostprocessing = 0;
		};
/* End PBXResourcesBuildPhase section */

/* Begin PBXSourcesBuildPhase section */
		1D60588E0D05DD3D006BFB54 /* Sources */ = {
			isa = PBXSourcesBuildPhase;
			buildActionMask = 2147483647;
			files = (
				1D60589B0D05DD56006BFB54 /* main.m in Sources */,
				1D3623260D0F684500981E51 /* WaitTimerPageAppDelegate.m in Sources */,
				08F9BDD11275542D00BFEFF1 /* TableViewController.m in Sources */,
				DD8562B9129F62C500E81126 /* DetailViewController.m in Sources */,
				DD7CF45B12A11A16001E6354 /* DataViewController.m in Sources */,
				DD7CF4FA12A1340E001E6354 /* Global.m in Sources */,
				DD90575112A3BCAB000D1595 /* Webviewcontroller.m in Sources */,
				DDC8E07A12AA623E00F854FF /* OptionViewController.m in Sources */,
			);
			runOnlyForDeploymentPostprocessing = 0;
		};
/* End PBXSourcesBuildPhase section */

/* Begin XCBuildConfiguration section */
		1D6058940D05DD3E006BFB54 /* Debug */ = {
			isa = XCBuildConfiguration;
			buildSettings = {
				ALWAYS_SEARCH_USER_PATHS = NO;
				COPY_PHASE_STRIP = NO;
				GCC_DYNAMIC_NO_PIC = NO;
				GCC_OPTIMIZATION_LEVEL = 0;
				GCC_PRECOMPILE_PREFIX_HEADER = YES;
				GCC_PREFIX_HEADER = WaitTimerPage_Prefix.pch;
				INFOPLIST_FILE = "WaitTimerPage-Info.plist";
				PRODUCT_NAME = WaitTimerPage;
			};
			name = Debug;
		};
		1D6058950D05DD3E006BFB54 /* Release */ = {
			isa = XCBuildConfiguration;
			buildSettings = {
				ALWAYS_SEARCH_USER_PATHS = NO;
				COPY_PHASE_STRIP = YES;
				GCC_PRECOMPILE_PREFIX_HEADER = YES;
				GCC_PREFIX_HEADER = WaitTimerPage_Prefix.pch;
				INFOPLIST_FILE = "WaitTimerPage-Info.plist";
				PRODUCT_NAME = WaitTimerPage;
				VALIDATE_PRODUCT = YES;
			};
			name = Release;
		};
		C01FCF4F08A954540054247B /* Debug */ = {
			isa = XCBuildConfiguration;
			buildSettings = {
				ARCHS = "$(ARCHS_UNIVERSAL_IPHONE_OS)";
				"CODE_SIGN_IDENTITY[sdk=iphoneos*]" = "iPhone Developer";
				GCC_C_LANGUAGE_STANDARD = c99;
				GCC_WARN_ABOUT_RETURN_TYPE = YES;
				GCC_WARN_UNUSED_VARIABLE = YES;
				PREBINDING = NO;
				SDKROOT = iphoneos;
				TARGETED_DEVICE_FAMILY = 2;
			};
			name = Debug;
		};
		C01FCF5008A954540054247B /* Release */ = {
			isa = XCBuildConfiguration;
			buildSettings = {
				ARCHS = "$(ARCHS_UNIVERSAL_IPHONE_OS)";
				"CODE_SIGN_IDENTITY[sdk=iphoneos*]" = "iPhone Developer";
				GCC_C_LANGUAGE_STANDARD = c99;
				GCC_WARN_ABOUT_RETURN_TYPE = YES;
				GCC_WARN_UNUSED_VARIABLE = YES;
				OTHER_CFLAGS = "-DNS_BLOCK_ASSERTIONS=1";
				PREBINDING = NO;
				SDKROOT = iphoneos;
				TARGETED_DEVICE_FAMILY = 2;
			};
			name = Release;
		};
/* End XCBuildConfiguration section */

/* Begin XCConfigurationList section */
		1D6058960D05DD3E006BFB54 /* Build configuration list for PBXNativeTarget "WaitTimerPage" */ = {
			isa = XCConfigurationList;
			buildConfigurations = (
				1D6058940D05DD3E006BFB54 /* Debug */,
				1D6058950D05DD3E006BFB54 /* Release */,
			);
			defaultConfigurationIsVisible = 0;
			defaultConfigurationName = Release;
		};
		C01FCF4E08A954540054247B /* Build configuration list for PBXProject "WaitTimerPage" */ = {
			isa = XCConfigurationList;
			buildConfigurations = (
				C01FCF4F08A954540054247B /* Debug */,
				C01FCF5008A954540054247B /* Release */,
			);
			defaultConfigurationIsVisible = 0;
			defaultConfigurationName = Release;
		};
/* End XCConfigurationList section */
	};
	rootObject = 29B97313FDCFA39411CA2CEA /* Project object */;
}
